
Microsoft Visual Studio Solution File, Format Version 12.00
# Visual Studio Version 16
VisualStudioVersion = 16.0.31129.286
MinimumVisualStudioVersion = 10.0.40219.1
Project("{8BC9CEB8-8B4A-11D0-8D11-00A0C91BC942}") = "IlluminateCommon", "IlluminateCommon\IlluminateCommon.vcxproj", "{1919BF1D-7D4B-4AAF-BCC5-138E8912EC19}"
EndProject
Project("{8BC9CEB8-8B4A-11D0-8D11-00A0C91BC942}") = "IlluminateChannel", "IlluminateChannel\IlluminateChannel.vcxproj", "{AF1F7B51-523E-4CAC-8421-9AB4B8866A88}"
EndProject
Project("{8BC9CEB8-8B4A-11D0-8D11-00A0C91BC942}") = "IlluminateLogin", "IlluminateLogin\IlluminateLogin.vcxproj", "{37337FC3-8029-4115-A435-B8BB8505EC02}"
EndProject
Project("{8BC9CEB8-8B4A-11D0-8D11-00A0C91BC942}") = "IlluminateWorld", "IlluminateWorld\IlluminateWorld.vcxproj", "{9EFB0834-9A5F-44CA-A459-19C6D972D030}"
EndProject
Global
	GlobalSection(SolutionConfigurationPlatforms) = preSolution
		Debug|x64 = Debug|x64
		Debug|x86 = Debug|x86
		Release|x64 = Release|x64
		Release|x86 = Release|x86
	EndGlobalSection
	GlobalSection(ProjectConfigurationPlatforms) = postSolution
		{1919BF1D-7D4B-4AAF-BCC5-138E8912EC19}.Debug|x64.ActiveCfg = Debug|x64
		{1919BF1D-7D4B-4AAF-BCC5-138E8912EC19}.Debug|x64.Build.0 = Debug|x64
		{1919BF1D-7D4B-4AAF-BCC5-138E8912EC19}.Debug|x86.ActiveCfg = Debug|Win32
		{1919BF1D-7D4B-4AAF-BCC5-138E8912EC19}.Release|x64.ActiveCfg = Release|x64
		{1919BF1D-7D4B-4AAF-BCC5-138E8912EC19}.Release|x64.Build.0 = Release|x64
		{1919BF1D-7D4B-4AAF-BCC5-138E8912EC19}.Release|x86.ActiveCfg = Release|Win32
		{AF1F7B51-523E-4CAC-8421-9AB4B8866A88}.Debug|x64.ActiveCfg = Debug|x64
		{AF1F7B51-523E-4CAC-8421-9AB4B8866A88}.Debug|x64.Build.0 = Debug|x64
		{AF1F7B51-523E-4CAC-8421-9AB4B8866A88}.Debug|x86.ActiveCfg = Debug|Win32
		{AF1F7B51-523E-4CAC-8421-9AB4B8866A88}.Release|x64.ActiveCfg = Release|x64
		{AF1F7B51-523E-4CAC-8421-9AB4B8866A88}.Release|x64.Build.0 = Release|x64
		{AF1F7B51-523E-4CAC-8421-9AB4B8866A88}.Release|x86.ActiveCfg = Release|Win32
		{37337FC3-8029-4115-A435-B8BB8505EC02}.Debug|x64.ActiveCfg = Debug|x64
		{37337FC3-8029-4115-A435-B8BB8505EC02}.Debug|x86.ActiveCfg = Debug|Win32
		{37337FC3-8029-4115-A435-B8BB8505EC02}.Release|x64.ActiveCfg = Release|x64
		{37337FC3-8029-4115-A435-B8BB8505EC02}.Release|x86.ActiveCfg = Release|Win32
		{9EFB0834-9A5F-44CA-A459-19C6D972D030}.Debug|x64.ActiveCfg = Debug|x64
		{9EFB0834-9A5F-44CA-A459-19C6D972D030}.Debug|x64.Build.0 = Debug|x64
		{9EFB0834-9A5F-44CA-A459-19C6D972D030}.Debug|x86.ActiveCfg = Debug|Win32
		{9EFB0834-9A5F-44CA-A459-19C6D972D030}.Release|x64.ActiveCfg = Release|x64
		{9EFB0834-9A5F-44CA-A459-19C6D972D030}.Release|x64.Build.0 = Release|x64
		{9EFB0834-9A5F-44CA-A459-19C6D972D030}.Release|x86.ActiveCfg = Release|Win32
	EndGlobalSection
	GlobalSection(SolutionProperties) = preSolution
		HideSolutionNode = FALSE
	EndGlobalSection
	GlobalSection(ExtensibilityGlobals) = postSolution
		SolutionGuid = {FA8C0B4D-279E-49B1-B896-4E7A421276A7}
	EndGlobalSection
EndGlobal
