<?xml version="1.0" encoding="utf-8"?>
<Project ToolsVersion="4.0" xmlns="http://schemas.microsoft.com/developer/msbuild/2003">
  <ItemGroup>
    <Filter Include="Source Files">
      <UniqueIdentifier>{4FC737F1-C7A5-4376-A066-2A32D752A2FF}</UniqueIdentifier>
      <Extensions>cpp;c;cc;cxx;def;odl;idl;hpj;bat;asm;asmx</Extensions>
    </Filter>
    <Filter Include="Header Files">
      <UniqueIdentifier>{93995380-89BD-4b04-88EB-625FBE52EBFB}</UniqueIdentifier>
      <Extensions>h;hh;hpp;hxx;hm;inl;inc;xsd</Extensions>
    </Filter>
    <Filter Include="Resource Files">
      <UniqueIdentifier>{67DA6AB6-F800-4c08-8B7A-83BB121AAD01}</UniqueIdentifier>
      <Extensions>rc;ico;cur;bmp;dlg;rc2;rct;bin;rgs;gif;jpg;jpeg;jpe;resx;tiff;tif;png;wav;mfcribbon-ms</Extensions>
    </Filter>
    <Filter Include="Header Files\Networking">
      <UniqueIdentifier>{a8cc113d-167b-4adb-ac47-3fa35268e686}</UniqueIdentifier>
    </Filter>
    <Filter Include="Header Files\Packet Handlers">
      <UniqueIdentifier>{5405bc34-0080-4561-a273-e73d30769c48}</UniqueIdentifier>
    </Filter>
    <Filter Include="Source Files\Networking">
      <UniqueIdentifier>{f105677d-e28c-4c3a-b2ed-8f53ba996fd7}</UniqueIdentifier>
    </Filter>
    <Filter Include="Source Files\Packet Handlers">
      <UniqueIdentifier>{e50194a8-bf98-459b-94a7-94fc137957da}</UniqueIdentifier>
    </Filter>
    <Filter Include="Header Files\Map System">
      <UniqueIdentifier>{1d8c8f86-180d-468a-b5e9-f53baf64bc7d}</UniqueIdentifier>
    </Filter>
    <Filter Include="Header Files\Packet Handlers\CMSG">
      <UniqueIdentifier>{5da0ef0c-6b73-41c4-b70d-953fcd534f65}</UniqueIdentifier>
    </Filter>
    <Filter Include="Header Files\Packet Handlers\SMSG">
      <UniqueIdentifier>{414efea0-b5e2-4515-9a41-5056bf86d82f}</UniqueIdentifier>
    </Filter>
    <Filter Include="Source Files\Packet Handlers\CMSG">
      <UniqueIdentifier>{9fdc506b-03b8-4bc2-96b0-e888d6e1c90a}</UniqueIdentifier>
    </Filter>
    <Filter Include="Source Files\Packet Handlers\SMSG">
      <UniqueIdentifier>{41d1f335-2de1-45a2-91bd-5a502313e90f}</UniqueIdentifier>
    </Filter>
    <Filter Include="Source Files\Packet Handlers\CMSG\FriendSystem">
      <UniqueIdentifier>{67c3315b-19d3-400b-b423-4b346cc9fd77}</UniqueIdentifier>
    </Filter>
    <Filter Include="Source Files\Packet Handlers\CMSG\AlchemyStones">
      <UniqueIdentifier>{6fd718a4-469b-4115-bc54-aba8b0d503dc}</UniqueIdentifier>
    </Filter>
    <Filter Include="Source Files\Packet Handlers\CMSG\MiniGames">
      <UniqueIdentifier>{8604006c-4afc-42d1-b9c0-abe1aed6bce8}</UniqueIdentifier>
    </Filter>
    <Filter Include="Source Files\Packet Handlers\CMSG\BlackSmith">
      <UniqueIdentifier>{7c26e919-502c-4b6f-a853-d641c5b850e8}</UniqueIdentifier>
    </Filter>
    <Filter Include="Source Files\Packet Handlers\CMSG\MailSystem">
      <UniqueIdentifier>{d8294566-5e4c-4666-b30e-48b1e8923219}</UniqueIdentifier>
    </Filter>
    <Filter Include="Source Files\Packet Handlers\CMSG\HouseHold">
      <UniqueIdentifier>{0d8509b6-bd52-407b-9306-dd408d36c44b}</UniqueIdentifier>
    </Filter>
    <Filter Include="Source Files\Packet Handlers\CMSG\Player">
      <UniqueIdentifier>{a4f0d486-b522-4171-9138-80068fe0c517}</UniqueIdentifier>
    </Filter>
    <Filter Include="Source Files\Packet Handlers\CMSG\Player\Skills">
      <UniqueIdentifier>{bcc8a1ef-13fb-4df7-aa93-3a202abafb11}</UniqueIdentifier>
    </Filter>
    <Filter Include="Source Files\Packet Handlers\CMSG\Guild">
      <UniqueIdentifier>{9dedca00-7ad1-44dd-a8dd-b831af14c30a}</UniqueIdentifier>
    </Filter>
    <Filter Include="Source Files\Packet Handlers\CMSG\Enchant">
      <UniqueIdentifier>{0184c201-8fbd-43b4-8290-03adc40b7175}</UniqueIdentifier>
    </Filter>
    <Filter Include="Source Files\Packet Handlers\CMSG\Ranking">
      <UniqueIdentifier>{8b83e656-7b14-45d9-869e-45ba84945176}</UniqueIdentifier>
    </Filter>
    <Filter Include="Source Files\Packet Handlers\CMSG\Rewards">
      <UniqueIdentifier>{702ae269-4a37-4f94-8ea3-288a06ed42e3}</UniqueIdentifier>
    </Filter>
    <Filter Include="Source Files\Packet Handlers\CMSG\Pets">
      <UniqueIdentifier>{3d4633a9-bae1-41bc-b2fb-c42c454ebc49}</UniqueIdentifier>
    </Filter>
    <Filter Include="Source Files\Packet Handlers\CMSG\Party">
      <UniqueIdentifier>{47d21a7b-b786-4291-9b10-528853059cee}</UniqueIdentifier>
    </Filter>
    <Filter Include="Source Files\Packet Handlers\CMSG\Chat">
      <UniqueIdentifier>{c9d01b0e-b29a-4407-b1b2-c2a1bf0f2f1a}</UniqueIdentifier>
    </Filter>
  </ItemGroup>
  <ItemGroup>
    <ClCompile Include="main.cpp">
      <Filter>Source Files</Filter>
    </ClCompile>
    <ClCompile Include="IlluminateChannelApp.cpp">
      <Filter>Source Files</Filter>
    </ClCompile>
    <ClCompile Include="IlluminateChannelServer.cpp">
      <Filter>Source Files\Networking</Filter>
    </ClCompile>
    <ClCompile Include="..\IlluminateWorld\CMAcceptAddFriend.cpp">
      <Filter>Source Files\Packet Handlers\CMSG\FriendSystem</Filter>
    </ClCompile>
    <ClCompile Include="..\IlluminateWorld\CMDeleteFriend.cpp">
      <Filter>Source Files\Packet Handlers\CMSG\FriendSystem</Filter>
    </ClCompile>
    <ClCompile Include="..\IlluminateWorld\CMRenameFriendGroup.cpp">
      <Filter>Source Files\Packet Handlers\CMSG\FriendSystem</Filter>
    </ClCompile>
    <ClCompile Include="..\IlluminateWorld\CMAlchemyUpgrade.cpp">
      <Filter>Source Files\Packet Handlers\CMSG\AlchemyStones</Filter>
    </ClCompile>
    <ClCompile Include="..\IlluminateWorld\CMClearMiniGame.cpp">
      <Filter>Source Files\Packet Handlers\CMSG\MiniGames</Filter>
    </ClCompile>
    <ClCompile Include="..\IlluminateWorld\CMExtractBlackStone.cpp">
      <Filter>Source Files\Packet Handlers\CMSG\BlackSmith</Filter>
    </ClCompile>
    <ClCompile Include="CMMailRemove.cpp">
      <Filter>Source Files\Packet Handlers\CMSG\MailSystem</Filter>
    </ClCompile>
    <ClCompile Include="CMMailGetItem.cpp">
      <Filter>Source Files\Packet Handlers\CMSG\MailSystem</Filter>
    </ClCompile>
    <ClCompile Include="CMHelpRewardMail.cpp">
      <Filter>Source Files\Packet Handlers\CMSG\MailSystem</Filter>
    </ClCompile>
    <ClCompile Include="..\IlluminateWorld\CMGetBuffFromInstallation.cpp">
      <Filter>Source Files\Packet Handlers\CMSG\HouseHold</Filter>
    </ClCompile>
    <ClCompile Include="CMLearnSkill.cpp">
      <Filter>Source Files\Packet Handlers\CMSG\Player\Skills</Filter>
    </ClCompile>
    <ClCompile Include="CMUseGuildSkill.cpp">
      <Filter>Source Files\Packet Handlers\CMSG\Guild</Filter>
    </ClCompile>
    <ClCompile Include="CMEnchantItem.cpp">
      <Filter>Source Files\Packet Handlers\CMSG\Enchant</Filter>
    </ClCompile>
    <ClCompile Include="CMListLifeRank.cpp">
      <Filter>Source Files\Packet Handlers\CMSG\Ranking</Filter>
    </ClCompile>
    <ClCompile Include="CMAddFriend.cpp">
      <Filter>Source Files\Packet Handlers\CMSG\FriendSystem</Filter>
    </ClCompile>
    <ClCompile Include="CMAddFriendGroup.cpp">
      <Filter>Source Files\Packet Handlers\CMSG\FriendSystem</Filter>
    </ClCompile>
    <ClCompile Include="CMAddFriendList.cpp">
      <Filter>Source Files\Packet Handlers\CMSG\FriendSystem</Filter>
    </ClCompile>
    <ClCompile Include="CMAttendanceReward.cpp">
      <Filter>Source Files\Packet Handlers\CMSG\Rewards</Filter>
    </ClCompile>
    <ClCompile Include="CMChangeLooting.cpp">
      <Filter>Source Files\Packet Handlers\CMSG\Pets</Filter>
    </ClCompile>
    <ClCompile Include="CMChangePartyLeader.cpp">
      <Filter>Source Files\Packet Handlers\CMSG\Party</Filter>
    </ClCompile>
    <ClCompile Include="CMChat.cpp">
      <Filter>Source Files\Packet Handlers\CMSG\Chat</Filter>
    </ClCompile>
  </ItemGroup>
  <ItemGroup>
    <ClInclude Include="IlluminateChannelApp.h">
      <Filter>Header Files</Filter>
    </ClInclude>
    <ClInclude Include="IlluminateChannelGlobal.h">
      <Filter>Header Files</Filter>
    </ClInclude>
    <ClInclude Include="IlluminateChannelClientConnection.h">
      <Filter>Header Files\Networking</Filter>
    </ClInclude>
    <ClInclude Include="IlluminateChannelClientFactory.h">
      <Filter>Header Files\Networking</Filter>
    </ClInclude>
    <ClInclude Include="IlluminateChannelServer.h">
      <Filter>Header Files\Networking</Filter>
    </ClInclude>
    <ClInclude Include="IlluminateChannelPacketHandler.h">
      <Filter>Header Files\Packet Handlers</Filter>
    </ClInclude>
    <ClInclude Include="..\IlluminateWorld\CMRenameFriendGroup.h">
      <Filter>Header Files\Packet Handlers\CMSG</Filter>
    </ClInclude>
    <ClInclude Include="..\IlluminateWorld\CMAcceptAddFriend.h">
      <Filter>Header Files\Packet Handlers\CMSG</Filter>
    </ClInclude>
    <ClInclude Include="..\IlluminateWorld\CMAlchemyUpgrade.h">
      <Filter>Header Files\Packet Handlers\CMSG</Filter>
    </ClInclude>
    <ClInclude Include="..\IlluminateWorld\CMClearMiniGame.h">
      <Filter>Header Files\Packet Handlers\CMSG</Filter>
    </ClInclude>
    <ClInclude Include="..\IlluminateWorld\CMDeleteFriend.h">
      <Filter>Header Files\Packet Handlers\CMSG</Filter>
    </ClInclude>
    <ClInclude Include="..\IlluminateWorld\CMExtractBlackStone.h">
      <Filter>Header Files\Packet Handlers\CMSG</Filter>
    </ClInclude>
    <ClInclude Include="..\IlluminateWorld\CMGetBuffFromInstallation.h">
      <Filter>Header Files\Packet Handlers\CMSG</Filter>
    </ClInclude>
    <ClInclude Include="..\IlluminateWorld\IlluminateChannelTypes.h">
      <Filter>Header Files</Filter>
    </ClInclude>
    <ClInclude Include="CMLearnSkill.h">
      <Filter>Header Files\Packet Handlers\CMSG</Filter>
    </ClInclude>
    <ClInclude Include="CMMailGetItem.h">
      <Filter>Header Files\Packet Handlers\CMSG</Filter>
    </ClInclude>
    <ClInclude Include="CMHelpRewardMail.h">
      <Filter>Header Files\Packet Handlers\CMSG</Filter>
    </ClInclude>
    <ClInclude Include="CMMailRemove.h">
      <Filter>Header Files\Packet Handlers\CMSG</Filter>
    </ClInclude>
    <ClInclude Include="CMUseGuildSkill.h">
      <Filter>Header Files\Packet Handlers\CMSG</Filter>
    </ClInclude>
    <ClInclude Include="CMEnchantItem.h">
      <Filter>Header Files\Packet Handlers\CMSG</Filter>
    </ClInclude>
    <ClInclude Include="CMListLifeRank.h">
      <Filter>Header Files\Packet Handlers\CMSG</Filter>
    </ClInclude>
    <ClInclude Include="CMAddFriend.h">
      <Filter>Header Files\Packet Handlers\CMSG</Filter>
    </ClInclude>
    <ClInclude Include="CMAddFriendGroup.h">
      <Filter>Header Files\Packet Handlers\CMSG</Filter>
    </ClInclude>
    <ClInclude Include="CMAddFriendList.h">
      <Filter>Header Files\Packet Handlers\CMSG</Filter>
    </ClInclude>
    <ClInclude Include="CMChat.h">
      <Filter>Header Files\Packet Handlers\CMSG</Filter>
    </ClInclude>
    <ClInclude Include="CMChangePartyLeader.h">
      <Filter>Header Files\Packet Handlers\CMSG</Filter>
    </ClInclude>
    <ClInclude Include="CMChangeLooting.h">
      <Filter>Header Files\Packet Handlers\CMSG</Filter>
    </ClInclude>
    <ClInclude Include="CMAttendanceReward.h">
      <Filter>Header Files\Packet Handlers\CMSG</Filter>
    </ClInclude>
  </ItemGroup>
</Project>